
Microsoft Visual Studio Solution File, Format Version 12.00
# Visual Studio Version 16
VisualStudioVersion = 16.0.30011.22
MinimumVisualStudioVersion = 10.0.40219.1
Project("{FAE04EC0-301F-11D3-BF4B-00C04F79EFBC}") = "WpfAppZadanie", "WpfAppZadanie.csproj", "{BCB65F30-9E3B-40C7-8358-5EE098C47982}"
EndProject
Project("{FAE04EC0-301F-11D3-BF4B-00C04F79EFBC}") = "MinLengthValidation", "..\MinLengthValidation\MinLengthValidation.csproj", "{D278C404-EDA5-4147-BEF6-60F89D350382}"
EndProject
Project("{FAE04EC0-301F-11D3-BF4B-00C04F79EFBC}") = "EmailValidation", "..\EmailValidation\EmailValidation.csproj", "{EFF0AFA3-C39A-485D-B5AB-3D50EB638D0A}"
EndProject
Project("{FAE04EC0-301F-11D3-BF4B-00C04F79EFBC}") = "PhoneValidation", "..\PhoneValidation\PhoneValidation.csproj", "{A6218373-4B03-43E9-AF0A-4DEE5701497A}"
EndProject
Project("{FAE04EC0-301F-11D3-BF4B-00C04F79EFBC}") = "ValidationInterface", "..\ValidationInterface\ValidationInterface.csproj", "{5D075368-8E52-4B3D-A153-8969422574C7}"
EndProject
Global
	GlobalSection(SolutionConfigurationPlatforms) = preSolution
		Debug|Any CPU = Debug|Any CPU
		Release|Any CPU = Release|Any CPU
	EndGlobalSection
	GlobalSection(ProjectConfigurationPlatforms) = postSolution
		{BCB65F30-9E3B-40C7-8358-5EE098C47982}.Debug|Any CPU.ActiveCfg = Debug|Any CPU
		{BCB65F30-9E3B-40C7-8358-5EE098C47982}.Debug|Any CPU.Build.0 = Debug|Any CPU
		{BCB65F30-9E3B-40C7-8358-5EE098C47982}.Release|Any CPU.ActiveCfg = Release|Any CPU
		{BCB65F30-9E3B-40C7-8358-5EE098C47982}.Release|Any CPU.Build.0 = Release|Any CPU
		{D278C404-EDA5-4147-BEF6-60F89D350382}.Debug|Any CPU.ActiveCfg = Debug|Any CPU
		{D278C404-EDA5-4147-BEF6-60F89D350382}.Debug|Any CPU.Build.0 = Debug|Any CPU
		{D278C404-EDA5-4147-BEF6-60F89D350382}.Release|Any CPU.ActiveCfg = Release|Any CPU
		{D278C404-EDA5-4147-BEF6-60F89D350382}.Release|Any CPU.Build.0 = Release|Any CPU
		{EFF0AFA3-C39A-485D-B5AB-3D50EB638D0A}.Debug|Any CPU.ActiveCfg = Debug|Any CPU
		{EFF0AFA3-C39A-485D-B5AB-3D50EB638D0A}.Debug|Any CPU.Build.0 = Debug|Any CPU
		{EFF0AFA3-C39A-485D-B5AB-3D50EB638D0A}.Release|Any CPU.ActiveCfg = Release|Any CPU
		{EFF0AFA3-C39A-485D-B5AB-3D50EB638D0A}.Release|Any CPU.Build.0 = Release|Any CPU
		{A6218373-4B03-43E9-AF0A-4DEE5701497A}.Debug|Any CPU.ActiveCfg = Debug|Any CPU
		{A6218373-4B03-43E9-AF0A-4DEE5701497A}.Debug|Any CPU.Build.0 = Debug|Any CPU
		{A6218373-4B03-43E9-AF0A-4DEE5701497A}.Release|Any CPU.ActiveCfg = Release|Any CPU
		{A6218373-4B03-43E9-AF0A-4DEE5701497A}.Release|Any CPU.Build.0 = Release|Any CPU
		{5D075368-8E52-4B3D-A153-8969422574C7}.Debug|Any CPU.ActiveCfg = Debug|Any CPU
		{5D075368-8E52-4B3D-A153-8969422574C7}.Debug|Any CPU.Build.0 = Debug|Any CPU
		{5D075368-8E52-4B3D-A153-8969422574C7}.Release|Any CPU.ActiveCfg = Release|Any CPU
		{5D075368-8E52-4B3D-A153-8969422574C7}.Release|Any CPU.Build.0 = Release|Any CPU
	EndGlobalSection
	GlobalSection(SolutionProperties) = preSolution
		HideSolutionNode = FALSE
	EndGlobalSection
	GlobalSection(ExtensibilityGlobals) = postSolution
		SolutionGuid = {5E1C5BB8-4A0A-43F1-B63F-4D27B879A7D7}
	EndGlobalSection
EndGlobal
